
Microsoft Visual Studio Solution File, Format Version 9.00
# Visual Studio 2005
Project("{8BC9CEB8-8B4A-11D0-8D11-00A0C91BC942}") = "rigo", "rigo.vcproj", "{A946AE75-9186-4E4C-9E94-1DE93619CD30}"
EndProject
Project("{8BC9CEB8-8B4A-11D0-8D11-00A0C91BC942}") = "base", "D:\wxWidgets-2.6.3\build\msw\wx_base.vcproj", "{0FAE86F7-8AD5-47E4-9A5A-D5BDE19D7257}"
EndProject
Project("{8BC9CEB8-8B4A-11D0-8D11-00A0C91BC942}") = "core", "D:\wxWidgets-2.6.3\build\msw\wx_core.vcproj", "{6C52F853-8701-428A-9FCB-C6D82AD79326}"
EndProject
Global
	GlobalSection(SolutionConfigurationPlatforms) = preSolution
		Debug|Win32 = Debug|Win32
		DLL Debug|Win32 = DLL Debug|Win32
		DLL Release|Win32 = DLL Release|Win32
		DLL Unicode Debug|Win32 = DLL Unicode Debug|Win32
		DLL Unicode Release|Win32 = DLL Unicode Release|Win32
		DLL Universal Debug|Win32 = DLL Universal Debug|Win32
		DLL Universal Release|Win32 = DLL Universal Release|Win32
		DLL Universal Unicode Debug|Win32 = DLL Universal Unicode Debug|Win32
		DLL Universal Unicode Release|Win32 = DLL Universal Unicode Release|Win32
		Release|Win32 = Release|Win32
		Unicode Debug|Win32 = Unicode Debug|Win32
		Unicode Release|Win32 = Unicode Release|Win32
		Universal Debug|Win32 = Universal Debug|Win32
		Universal Release|Win32 = Universal Release|Win32
		Universal Unicode Debug|Win32 = Universal Unicode Debug|Win32
		Universal Unicode Release|Win32 = Universal Unicode Release|Win32
	EndGlobalSection
	GlobalSection(ProjectConfigurationPlatforms) = postSolution
		{A946AE75-9186-4E4C-9E94-1DE93619CD30}.Debug|Win32.ActiveCfg = Debug|Win32
		{A946AE75-9186-4E4C-9E94-1DE93619CD30}.Debug|Win32.Build.0 = Debug|Win32
		{A946AE75-9186-4E4C-9E94-1DE93619CD30}.DLL Debug|Win32.ActiveCfg = Debug|Win32
		{A946AE75-9186-4E4C-9E94-1DE93619CD30}.DLL Debug|Win32.Build.0 = Debug|Win32
		{A946AE75-9186-4E4C-9E94-1DE93619CD30}.DLL Release|Win32.ActiveCfg = Release|Win32
		{A946AE75-9186-4E4C-9E94-1DE93619CD30}.DLL Release|Win32.Build.0 = Release|Win32
		{A946AE75-9186-4E4C-9E94-1DE93619CD30}.DLL Unicode Debug|Win32.ActiveCfg = Debug|Win32
		{A946AE75-9186-4E4C-9E94-1DE93619CD30}.DLL Unicode Debug|Win32.Build.0 = Debug|Win32
		{A946AE75-9186-4E4C-9E94-1DE93619CD30}.DLL Unicode Release|Win32.ActiveCfg = Release|Win32
		{A946AE75-9186-4E4C-9E94-1DE93619CD30}.DLL Unicode Release|Win32.Build.0 = Release|Win32
		{A946AE75-9186-4E4C-9E94-1DE93619CD30}.DLL Universal Debug|Win32.ActiveCfg = Debug|Win32
		{A946AE75-9186-4E4C-9E94-1DE93619CD30}.DLL Universal Debug|Win32.Build.0 = Debug|Win32
		{A946AE75-9186-4E4C-9E94-1DE93619CD30}.DLL Universal Release|Win32.ActiveCfg = Release|Win32
		{A946AE75-9186-4E4C-9E94-1DE93619CD30}.DLL Universal Release|Win32.Build.0 = Release|Win32
		{A946AE75-9186-4E4C-9E94-1DE93619CD30}.DLL Universal Unicode Debug|Win32.ActiveCfg = Debug|Win32
		{A946AE75-9186-4E4C-9E94-1DE93619CD30}.DLL Universal Unicode Debug|Win32.Build.0 = Debug|Win32
		{A946AE75-9186-4E4C-9E94-1DE93619CD30}.DLL Universal Unicode Release|Win32.ActiveCfg = Release|Win32
		{A946AE75-9186-4E4C-9E94-1DE93619CD30}.DLL Universal Unicode Release|Win32.Build.0 = Release|Win32
		{A946AE75-9186-4E4C-9E94-1DE93619CD30}.Release|Win32.ActiveCfg = Release|Win32
		{A946AE75-9186-4E4C-9E94-1DE93619CD30}.Release|Win32.Build.0 = Release|Win32
		{A946AE75-9186-4E4C-9E94-1DE93619CD30}.Unicode Debug|Win32.ActiveCfg = Debug|Win32
		{A946AE75-9186-4E4C-9E94-1DE93619CD30}.Unicode Debug|Win32.Build.0 = Debug|Win32
		{A946AE75-9186-4E4C-9E94-1DE93619CD30}.Unicode Release|Win32.ActiveCfg = Release|Win32
		{A946AE75-9186-4E4C-9E94-1DE93619CD30}.Unicode Release|Win32.Build.0 = Release|Win32
		{A946AE75-9186-4E4C-9E94-1DE93619CD30}.Universal Debug|Win32.ActiveCfg = Debug|Win32
		{A946AE75-9186-4E4C-9E94-1DE93619CD30}.Universal Debug|Win32.Build.0 = Debug|Win32
		{A946AE75-9186-4E4C-9E94-1DE93619CD30}.Universal Release|Win32.ActiveCfg = Release|Win32
		{A946AE75-9186-4E4C-9E94-1DE93619CD30}.Universal Release|Win32.Build.0 = Release|Win32
		{A946AE75-9186-4E4C-9E94-1DE93619CD30}.Universal Unicode Debug|Win32.ActiveCfg = Debug|Win32
		{A946AE75-9186-4E4C-9E94-1DE93619CD30}.Universal Unicode Debug|Win32.Build.0 = Debug|Win32
		{A946AE75-9186-4E4C-9E94-1DE93619CD30}.Universal Unicode Release|Win32.ActiveCfg = Release|Win32
		{A946AE75-9186-4E4C-9E94-1DE93619CD30}.Universal Unicode Release|Win32.Build.0 = Release|Win32
		{0FAE86F7-8AD5-47E4-9A5A-D5BDE19D7257}.Debug|Win32.ActiveCfg = Debug|Win32
		{0FAE86F7-8AD5-47E4-9A5A-D5BDE19D7257}.Debug|Win32.Build.0 = Debug|Win32
		{0FAE86F7-8AD5-47E4-9A5A-D5BDE19D7257}.DLL Debug|Win32.ActiveCfg = DLL Debug|Win32
		{0FAE86F7-8AD5-47E4-9A5A-D5BDE19D7257}.DLL Debug|Win32.Build.0 = DLL Debug|Win32
		{0FAE86F7-8AD5-47E4-9A5A-D5BDE19D7257}.DLL Release|Win32.ActiveCfg = DLL Release|Win32
		{0FAE86F7-8AD5-47E4-9A5A-D5BDE19D7257}.DLL Release|Win32.Build.0 = DLL Release|Win32
		{0FAE86F7-8AD5-47E4-9A5A-D5BDE19D7257}.DLL Unicode Debug|Win32.ActiveCfg = DLL Unicode Debug|Win32
		{0FAE86F7-8AD5-47E4-9A5A-D5BDE19D7257}.DLL Unicode Debug|Win32.Build.0 = DLL Unicode Debug|Win32
		{0FAE86F7-8AD5-47E4-9A5A-D5BDE19D7257}.DLL Unicode Release|Win32.ActiveCfg = DLL Unicode Release|Win32
		{0FAE86F7-8AD5-47E4-9A5A-D5BDE19D7257}.DLL Unicode Release|Win32.Build.0 = DLL Unicode Release|Win32
		{0FAE86F7-8AD5-47E4-9A5A-D5BDE19D7257}.DLL Universal Debug|Win32.ActiveCfg = DLL Universal Debug|Win32
		{0FAE86F7-8AD5-47E4-9A5A-D5BDE19D7257}.DLL Universal Debug|Win32.Build.0 = DLL Universal Debug|Win32
		{0FAE86F7-8AD5-47E4-9A5A-D5BDE19D7257}.DLL Universal Release|Win32.ActiveCfg = DLL Universal Release|Win32
		{0FAE86F7-8AD5-47E4-9A5A-D5BDE19D7257}.DLL Universal Release|Win32.Build.0 = DLL Universal Release|Win32
		{0FAE86F7-8AD5-47E4-9A5A-D5BDE19D7257}.DLL Universal Unicode Debug|Win32.ActiveCfg = DLL Universal Unicode Debug|Win32
		{0FAE86F7-8AD5-47E4-9A5A-D5BDE19D7257}.DLL Universal Unicode Debug|Win32.Build.0 = DLL Universal Unicode Debug|Win32
		{0FAE86F7-8AD5-47E4-9A5A-D5BDE19D7257}.DLL Universal Unicode Release|Win32.ActiveCfg = DLL Universal Unicode Release|Win32
		{0FAE86F7-8AD5-47E4-9A5A-D5BDE19D7257}.DLL Universal Unicode Release|Win32.Build.0 = DLL Universal Unicode Release|Win32
		{0FAE86F7-8AD5-47E4-9A5A-D5BDE19D7257}.Release|Win32.ActiveCfg = Release|Win32
		{0FAE86F7-8AD5-47E4-9A5A-D5BDE19D7257}.Release|Win32.Build.0 = Release|Win32
		{0FAE86F7-8AD5-47E4-9A5A-D5BDE19D7257}.Unicode Debug|Win32.ActiveCfg = Unicode Debug|Win32
		{0FAE86F7-8AD5-47E4-9A5A-D5BDE19D7257}.Unicode Debug|Win32.Build.0 = Unicode Debug|Win32
		{0FAE86F7-8AD5-47E4-9A5A-D5BDE19D7257}.Unicode Release|Win32.ActiveCfg = Unicode Release|Win32
		{0FAE86F7-8AD5-47E4-9A5A-D5BDE19D7257}.Unicode Release|Win32.Build.0 = Unicode Release|Win32
		{0FAE86F7-8AD5-47E4-9A5A-D5BDE19D7257}.Universal Debug|Win32.ActiveCfg = Universal Debug|Win32
		{0FAE86F7-8AD5-47E4-9A5A-D5BDE19D7257}.Universal Debug|Win32.Build.0 = Universal Debug|Win32
		{0FAE86F7-8AD5-47E4-9A5A-D5BDE19D7257}.Universal Release|Win32.ActiveCfg = Universal Release|Win32
		{0FAE86F7-8AD5-47E4-9A5A-D5BDE19D7257}.Universal Release|Win32.Build.0 = Universal Release|Win32
		{0FAE86F7-8AD5-47E4-9A5A-D5BDE19D7257}.Universal Unicode Debug|Win32.ActiveCfg = Universal Unicode Debug|Win32
		{0FAE86F7-8AD5-47E4-9A5A-D5BDE19D7257}.Universal Unicode Debug|Win32.Build.0 = Universal Unicode Debug|Win32
		{0FAE86F7-8AD5-47E4-9A5A-D5BDE19D7257}.Universal Unicode Release|Win32.ActiveCfg = Universal Unicode Release|Win32
		{0FAE86F7-8AD5-47E4-9A5A-D5BDE19D7257}.Universal Unicode Release|Win32.Build.0 = Universal Unicode Release|Win32
		{6C52F853-8701-428A-9FCB-C6D82AD79326}.Debug|Win32.ActiveCfg = Debug|Win32
		{6C52F853-8701-428A-9FCB-C6D82AD79326}.Debug|Win32.Build.0 = Debug|Win32
		{6C52F853-8701-428A-9FCB-C6D82AD79326}.DLL Debug|Win32.ActiveCfg = DLL Debug|Win32
		{6C52F853-8701-428A-9FCB-C6D82AD79326}.DLL Debug|Win32.Build.0 = DLL Debug|Win32
		{6C52F853-8701-428A-9FCB-C6D82AD79326}.DLL Release|Win32.ActiveCfg = DLL Release|Win32
		{6C52F853-8701-428A-9FCB-C6D82AD79326}.DLL Release|Win32.Build.0 = DLL Release|Win32
		{6C52F853-8701-428A-9FCB-C6D82AD79326}.DLL Unicode Debug|Win32.ActiveCfg = DLL Unicode Debug|Win32
		{6C52F853-8701-428A-9FCB-C6D82AD79326}.DLL Unicode Debug|Win32.Build.0 = DLL Unicode Debug|Win32
		{6C52F853-8701-428A-9FCB-C6D82AD79326}.DLL Unicode Release|Win32.ActiveCfg = DLL Unicode Release|Win32
		{6C52F853-8701-428A-9FCB-C6D82AD79326}.DLL Unicode Release|Win32.Build.0 = DLL Unicode Release|Win32
		{6C52F853-8701-428A-9FCB-C6D82AD79326}.DLL Universal Debug|Win32.ActiveCfg = DLL Universal Debug|Win32
		{6C52F853-8701-428A-9FCB-C6D82AD79326}.DLL Universal Debug|Win32.Build.0 = DLL Universal Debug|Win32
		{6C52F853-8701-428A-9FCB-C6D82AD79326}.DLL Universal Release|Win32.ActiveCfg = DLL Universal Release|Win32
		{6C52F853-8701-428A-9FCB-C6D82AD79326}.DLL Universal Release|Win32.Build.0 = DLL Universal Release|Win32
		{6C52F853-8701-428A-9FCB-C6D82AD79326}.DLL Universal Unicode Debug|Win32.ActiveCfg = DLL Universal Unicode Debug|Win32
		{6C52F853-8701-428A-9FCB-C6D82AD79326}.DLL Universal Unicode Debug|Win32.Build.0 = DLL Universal Unicode Debug|Win32
		{6C52F853-8701-428A-9FCB-C6D82AD79326}.DLL Universal Unicode Release|Win32.ActiveCfg = DLL Universal Unicode Release|Win32
		{6C52F853-8701-428A-9FCB-C6D82AD79326}.DLL Universal Unicode Release|Win32.Build.0 = DLL Universal Unicode Release|Win32
		{6C52F853-8701-428A-9FCB-C6D82AD79326}.Release|Win32.ActiveCfg = Release|Win32
		{6C52F853-8701-428A-9FCB-C6D82AD79326}.Release|Win32.Build.0 = Release|Win32
		{6C52F853-8701-428A-9FCB-C6D82AD79326}.Unicode Debug|Win32.ActiveCfg = Unicode Debug|Win32
		{6C52F853-8701-428A-9FCB-C6D82AD79326}.Unicode Debug|Win32.Build.0 = Unicode Debug|Win32
		{6C52F853-8701-428A-9FCB-C6D82AD79326}.Unicode Release|Win32.ActiveCfg = Unicode Release|Win32
		{6C52F853-8701-428A-9FCB-C6D82AD79326}.Unicode Release|Win32.Build.0 = Unicode Release|Win32
		{6C52F853-8701-428A-9FCB-C6D82AD79326}.Universal Debug|Win32.ActiveCfg = Universal Debug|Win32
		{6C52F853-8701-428A-9FCB-C6D82AD79326}.Universal Debug|Win32.Build.0 = Universal Debug|Win32
		{6C52F853-8701-428A-9FCB-C6D82AD79326}.Universal Release|Win32.ActiveCfg = Universal Release|Win32
		{6C52F853-8701-428A-9FCB-C6D82AD79326}.Universal Release|Win32.Build.0 = Universal Release|Win32
		{6C52F853-8701-428A-9FCB-C6D82AD79326}.Universal Unicode Debug|Win32.ActiveCfg = Universal Unicode Debug|Win32
		{6C52F853-8701-428A-9FCB-C6D82AD79326}.Universal Unicode Debug|Win32.Build.0 = Universal Unicode Debug|Win32
		{6C52F853-8701-428A-9FCB-C6D82AD79326}.Universal Unicode Release|Win32.ActiveCfg = Universal Unicode Release|Win32
		{6C52F853-8701-428A-9FCB-C6D82AD79326}.Universal Unicode Release|Win32.Build.0 = Universal Unicode Release|Win32
	EndGlobalSection
	GlobalSection(SolutionProperties) = preSolution
		HideSolutionNode = FALSE
	EndGlobalSection
EndGlobal
